
Microsoft Visual Studio Solution File, Format Version 12.00
# Visual Studio Version 17
VisualStudioVersion = 17.8.34330.188
MinimumVisualStudioVersion = 10.0.40219.1
Project("{FAE04EC0-301F-11D3-BF4B-00C04F79EFBC}") = "WebAPIEmp", "WebAPIEmp\WebAPIEmp.csproj", "{B23FDC5C-CE69-40C0-8576-B61F788B1CAC}"
EndProject
Global
	GlobalSection(SolutionConfigurationPlatforms) = preSolution
		Debug|Any CPU = Debug|Any CPU
		Release|Any CPU = Release|Any CPU
	EndGlobalSection
	GlobalSection(ProjectConfigurationPlatforms) = postSolution
		{B23FDC5C-CE69-40C0-8576-B61F788B1CAC}.Debug|Any CPU.ActiveCfg = Debug|Any CPU
		{B23FDC5C-CE69-40C0-8576-B61F788B1CAC}.Debug|Any CPU.Build.0 = Debug|Any CPU
		{B23FDC5C-CE69-40C0-8576-B61F788B1CAC}.Release|Any CPU.ActiveCfg = Release|Any CPU
		{B23FDC5C-CE69-40C0-8576-B61F788B1CAC}.Release|Any CPU.Build.0 = Release|Any CPU
	EndGlobalSection
	GlobalSection(SolutionProperties) = preSolution
		HideSolutionNode = FALSE
	EndGlobalSection
	GlobalSection(ExtensibilityGlobals) = postSolution
		SolutionGuid = {203966DA-34D5-44CB-95EE-A66F05BE18A2}
	EndGlobalSection
EndGlobal
